
Microsoft Visual Studio Solution File, Format Version 12.00
# Visual Studio 14
VisualStudioVersion = 14.0.24720.0
MinimumVisualStudioVersion = 10.0.40219.1
Project("{2150E333-8FDC-42A3-9474-1A3956D46DE8}") = "Data", "Data", "{7D008869-683A-4C28-A1B9-EA3880746B21}"
EndProject
Project("{2150E333-8FDC-42A3-9474-1A3956D46DE8}") = "UI", "UI", "{48DE0FE7-C9C3-4EB4-AAC7-C7A2DB97AD95}"
EndProject
Project("{2150E333-8FDC-42A3-9474-1A3956D46DE8}") = "Services", "Services", "{59759542-42C5-4170-A3F6-4029C4A46B16}"
EndProject
Project("{2150E333-8FDC-42A3-9474-1A3956D46DE8}") = "Tests", "Tests", "{4E2093EF-BD1E-4E8A-A2C9-E3E4F0B2FDB9}"
EndProject
Project("{FAE04EC0-301F-11D3-BF4B-00C04F79EFBC}") = "TheAsocialNetwork.UI.UWP", "UI\TheAsocialNetwork.UI.UWP\TheAsocialNetwork.UI.UWP.csproj", "{AFF24F61-7257-417C-8009-5E0753066F59}"
EndProject
Project("{FAE04EC0-301F-11D3-BF4B-00C04F79EFBC}") = "TheAsocialNetwork.Data.Models", "Data\TheAsocialNetwork.Data.Models\TheAsocialNetwork.Data.Models.csproj", "{BDA9C124-57A7-48FB-9B24-4B2493FD1015}"
EndProject
Project("{FAE04EC0-301F-11D3-BF4B-00C04F79EFBC}") = "TheAsocialNetwork.Data", "Data\TheAsocialNetwork.Data\TheAsocialNetwork.Data.csproj", "{D8A9E6A2-C947-460C-A2FA-E3F8F0ED9694}"
EndProject
Project("{FAE04EC0-301F-11D3-BF4B-00C04F79EFBC}") = "TheAsocialNetwork.Data.Common", "Data\TheAsocialNetwork.Data.Common\TheAsocialNetwork.Data.Common.csproj", "{1FAA4CB4-4E99-471E-BF6F-150FDF59D1EE}"
EndProject
Project("{FAE04EC0-301F-11D3-BF4B-00C04F79EFBC}") = "TheAsocialNetwork.Services.Common", "Services\TheAsocialNetwork.Services.Common\TheAsocialNetwork.Services.Common.csproj", "{4D510172-5681-4CE1-AD8E-3D67DE80F643}"
EndProject
Project("{FAE04EC0-301F-11D3-BF4B-00C04F79EFBC}") = "TheAsocialNetwork.Services.Data", "Services\TheAsocialNetwork.Services.Data\TheAsocialNetwork.Services.Data.csproj", "{5CA354E3-5A39-4FCB-969D-599A6CA48E32}"
EndProject
Project("{FAE04EC0-301F-11D3-BF4B-00C04F79EFBC}") = "TheAsocialNetwork.Services.Logic", "Services\TheAsocialNetwork.Services.Logic\TheAsocialNetwork.Services.Logic.csproj", "{2C29EB22-F00F-4BBD-82B1-BBF5FFBAA542}"
EndProject
Project("{FAE04EC0-301F-11D3-BF4B-00C04F79EFBC}") = "TheAsocialNetwork.Common", "TheAsocialNetwork.Common\TheAsocialNetwork.Common.csproj", "{585DC1AD-23FD-4D0C-A9A7-9ABC1B54AE13}"
EndProject
Global
	GlobalSection(SolutionConfigurationPlatforms) = preSolution
		Debug|Any CPU = Debug|Any CPU
		Debug|ARM = Debug|ARM
		Debug|x64 = Debug|x64
		Debug|x86 = Debug|x86
		Release|Any CPU = Release|Any CPU
		Release|ARM = Release|ARM
		Release|x64 = Release|x64
		Release|x86 = Release|x86
	EndGlobalSection
	GlobalSection(ProjectConfigurationPlatforms) = postSolution
		{AFF24F61-7257-417C-8009-5E0753066F59}.Debug|Any CPU.ActiveCfg = Debug|x86
		{AFF24F61-7257-417C-8009-5E0753066F59}.Debug|ARM.ActiveCfg = Debug|ARM
		{AFF24F61-7257-417C-8009-5E0753066F59}.Debug|ARM.Build.0 = Debug|ARM
		{AFF24F61-7257-417C-8009-5E0753066F59}.Debug|ARM.Deploy.0 = Debug|ARM
		{AFF24F61-7257-417C-8009-5E0753066F59}.Debug|x64.ActiveCfg = Debug|x64
		{AFF24F61-7257-417C-8009-5E0753066F59}.Debug|x64.Build.0 = Debug|x64
		{AFF24F61-7257-417C-8009-5E0753066F59}.Debug|x64.Deploy.0 = Debug|x64
		{AFF24F61-7257-417C-8009-5E0753066F59}.Debug|x86.ActiveCfg = Debug|x86
		{AFF24F61-7257-417C-8009-5E0753066F59}.Debug|x86.Build.0 = Debug|x86
		{AFF24F61-7257-417C-8009-5E0753066F59}.Debug|x86.Deploy.0 = Debug|x86
		{AFF24F61-7257-417C-8009-5E0753066F59}.Release|Any CPU.ActiveCfg = Release|x86
		{AFF24F61-7257-417C-8009-5E0753066F59}.Release|ARM.ActiveCfg = Release|ARM
		{AFF24F61-7257-417C-8009-5E0753066F59}.Release|ARM.Build.0 = Release|ARM
		{AFF24F61-7257-417C-8009-5E0753066F59}.Release|ARM.Deploy.0 = Release|ARM
		{AFF24F61-7257-417C-8009-5E0753066F59}.Release|x64.ActiveCfg = Release|x64
		{AFF24F61-7257-417C-8009-5E0753066F59}.Release|x64.Build.0 = Release|x64
		{AFF24F61-7257-417C-8009-5E0753066F59}.Release|x64.Deploy.0 = Release|x64
		{AFF24F61-7257-417C-8009-5E0753066F59}.Release|x86.ActiveCfg = Release|x86
		{AFF24F61-7257-417C-8009-5E0753066F59}.Release|x86.Build.0 = Release|x86
		{AFF24F61-7257-417C-8009-5E0753066F59}.Release|x86.Deploy.0 = Release|x86
		{BDA9C124-57A7-48FB-9B24-4B2493FD1015}.Debug|Any CPU.ActiveCfg = Debug|Any CPU
		{BDA9C124-57A7-48FB-9B24-4B2493FD1015}.Debug|Any CPU.Build.0 = Debug|Any CPU
		{BDA9C124-57A7-48FB-9B24-4B2493FD1015}.Debug|ARM.ActiveCfg = Debug|Any CPU
		{BDA9C124-57A7-48FB-9B24-4B2493FD1015}.Debug|ARM.Build.0 = Debug|Any CPU
		{BDA9C124-57A7-48FB-9B24-4B2493FD1015}.Debug|x64.ActiveCfg = Debug|Any CPU
		{BDA9C124-57A7-48FB-9B24-4B2493FD1015}.Debug|x64.Build.0 = Debug|Any CPU
		{BDA9C124-57A7-48FB-9B24-4B2493FD1015}.Debug|x86.ActiveCfg = Debug|Any CPU
		{BDA9C124-57A7-48FB-9B24-4B2493FD1015}.Debug|x86.Build.0 = Debug|Any CPU
		{BDA9C124-57A7-48FB-9B24-4B2493FD1015}.Release|Any CPU.ActiveCfg = Release|Any CPU
		{BDA9C124-57A7-48FB-9B24-4B2493FD1015}.Release|Any CPU.Build.0 = Release|Any CPU
		{BDA9C124-57A7-48FB-9B24-4B2493FD1015}.Release|ARM.ActiveCfg = Release|Any CPU
		{BDA9C124-57A7-48FB-9B24-4B2493FD1015}.Release|ARM.Build.0 = Release|Any CPU
		{BDA9C124-57A7-48FB-9B24-4B2493FD1015}.Release|x64.ActiveCfg = Release|Any CPU
		{BDA9C124-57A7-48FB-9B24-4B2493FD1015}.Release|x64.Build.0 = Release|Any CPU
		{BDA9C124-57A7-48FB-9B24-4B2493FD1015}.Release|x86.ActiveCfg = Release|Any CPU
		{BDA9C124-57A7-48FB-9B24-4B2493FD1015}.Release|x86.Build.0 = Release|Any CPU
		{D8A9E6A2-C947-460C-A2FA-E3F8F0ED9694}.Debug|Any CPU.ActiveCfg = Debug|Any CPU
		{D8A9E6A2-C947-460C-A2FA-E3F8F0ED9694}.Debug|Any CPU.Build.0 = Debug|Any CPU
		{D8A9E6A2-C947-460C-A2FA-E3F8F0ED9694}.Debug|ARM.ActiveCfg = Debug|Any CPU
		{D8A9E6A2-C947-460C-A2FA-E3F8F0ED9694}.Debug|ARM.Build.0 = Debug|Any CPU
		{D8A9E6A2-C947-460C-A2FA-E3F8F0ED9694}.Debug|x64.ActiveCfg = Debug|Any CPU
		{D8A9E6A2-C947-460C-A2FA-E3F8F0ED9694}.Debug|x64.Build.0 = Debug|Any CPU
		{D8A9E6A2-C947-460C-A2FA-E3F8F0ED9694}.Debug|x86.ActiveCfg = Debug|Any CPU
		{D8A9E6A2-C947-460C-A2FA-E3F8F0ED9694}.Debug|x86.Build.0 = Debug|Any CPU
		{D8A9E6A2-C947-460C-A2FA-E3F8F0ED9694}.Release|Any CPU.ActiveCfg = Release|Any CPU
		{D8A9E6A2-C947-460C-A2FA-E3F8F0ED9694}.Release|Any CPU.Build.0 = Release|Any CPU
		{D8A9E6A2-C947-460C-A2FA-E3F8F0ED9694}.Release|ARM.ActiveCfg = Release|Any CPU
		{D8A9E6A2-C947-460C-A2FA-E3F8F0ED9694}.Release|ARM.Build.0 = Release|Any CPU
		{D8A9E6A2-C947-460C-A2FA-E3F8F0ED9694}.Release|x64.ActiveCfg = Release|Any CPU
		{D8A9E6A2-C947-460C-A2FA-E3F8F0ED9694}.Release|x64.Build.0 = Release|Any CPU
		{D8A9E6A2-C947-460C-A2FA-E3F8F0ED9694}.Release|x86.ActiveCfg = Release|Any CPU
		{D8A9E6A2-C947-460C-A2FA-E3F8F0ED9694}.Release|x86.Build.0 = Release|Any CPU
		{1FAA4CB4-4E99-471E-BF6F-150FDF59D1EE}.Debug|Any CPU.ActiveCfg = Debug|Any CPU
		{1FAA4CB4-4E99-471E-BF6F-150FDF59D1EE}.Debug|Any CPU.Build.0 = Debug|Any CPU
		{1FAA4CB4-4E99-471E-BF6F-150FDF59D1EE}.Debug|ARM.ActiveCfg = Debug|Any CPU
		{1FAA4CB4-4E99-471E-BF6F-150FDF59D1EE}.Debug|ARM.Build.0 = Debug|Any CPU
		{1FAA4CB4-4E99-471E-BF6F-150FDF59D1EE}.Debug|x64.ActiveCfg = Debug|Any CPU
		{1FAA4CB4-4E99-471E-BF6F-150FDF59D1EE}.Debug|x64.Build.0 = Debug|Any CPU
		{1FAA4CB4-4E99-471E-BF6F-150FDF59D1EE}.Debug|x86.ActiveCfg = Debug|Any CPU
		{1FAA4CB4-4E99-471E-BF6F-150FDF59D1EE}.Debug|x86.Build.0 = Debug|Any CPU
		{1FAA4CB4-4E99-471E-BF6F-150FDF59D1EE}.Release|Any CPU.ActiveCfg = Release|Any CPU
		{1FAA4CB4-4E99-471E-BF6F-150FDF59D1EE}.Release|Any CPU.Build.0 = Release|Any CPU
		{1FAA4CB4-4E99-471E-BF6F-150FDF59D1EE}.Release|ARM.ActiveCfg = Release|Any CPU
		{1FAA4CB4-4E99-471E-BF6F-150FDF59D1EE}.Release|ARM.Build.0 = Release|Any CPU
		{1FAA4CB4-4E99-471E-BF6F-150FDF59D1EE}.Release|x64.ActiveCfg = Release|Any CPU
		{1FAA4CB4-4E99-471E-BF6F-150FDF59D1EE}.Release|x64.Build.0 = Release|Any CPU
		{1FAA4CB4-4E99-471E-BF6F-150FDF59D1EE}.Release|x86.ActiveCfg = Release|Any CPU
		{1FAA4CB4-4E99-471E-BF6F-150FDF59D1EE}.Release|x86.Build.0 = Release|Any CPU
		{4D510172-5681-4CE1-AD8E-3D67DE80F643}.Debug|Any CPU.ActiveCfg = Debug|Any CPU
		{4D510172-5681-4CE1-AD8E-3D67DE80F643}.Debug|Any CPU.Build.0 = Debug|Any CPU
		{4D510172-5681-4CE1-AD8E-3D67DE80F643}.Debug|ARM.ActiveCfg = Debug|Any CPU
		{4D510172-5681-4CE1-AD8E-3D67DE80F643}.Debug|ARM.Build.0 = Debug|Any CPU
		{4D510172-5681-4CE1-AD8E-3D67DE80F643}.Debug|x64.ActiveCfg = Debug|Any CPU
		{4D510172-5681-4CE1-AD8E-3D67DE80F643}.Debug|x64.Build.0 = Debug|Any CPU
		{4D510172-5681-4CE1-AD8E-3D67DE80F643}.Debug|x86.ActiveCfg = Debug|Any CPU
		{4D510172-5681-4CE1-AD8E-3D67DE80F643}.Debug|x86.Build.0 = Debug|Any CPU
		{4D510172-5681-4CE1-AD8E-3D67DE80F643}.Release|Any CPU.ActiveCfg = Release|Any CPU
		{4D510172-5681-4CE1-AD8E-3D67DE80F643}.Release|Any CPU.Build.0 = Release|Any CPU
		{4D510172-5681-4CE1-AD8E-3D67DE80F643}.Release|ARM.ActiveCfg = Release|Any CPU
		{4D510172-5681-4CE1-AD8E-3D67DE80F643}.Release|ARM.Build.0 = Release|Any CPU
		{4D510172-5681-4CE1-AD8E-3D67DE80F643}.Release|x64.ActiveCfg = Release|Any CPU
		{4D510172-5681-4CE1-AD8E-3D67DE80F643}.Release|x64.Build.0 = Release|Any CPU
		{4D510172-5681-4CE1-AD8E-3D67DE80F643}.Release|x86.ActiveCfg = Release|Any CPU
		{4D510172-5681-4CE1-AD8E-3D67DE80F643}.Release|x86.Build.0 = Release|Any CPU
		{5CA354E3-5A39-4FCB-969D-599A6CA48E32}.Debug|Any CPU.ActiveCfg = Debug|Any CPU
		{5CA354E3-5A39-4FCB-969D-599A6CA48E32}.Debug|Any CPU.Build.0 = Debug|Any CPU
		{5CA354E3-5A39-4FCB-969D-599A6CA48E32}.Debug|ARM.ActiveCfg = Debug|Any CPU
		{5CA354E3-5A39-4FCB-969D-599A6CA48E32}.Debug|ARM.Build.0 = Debug|Any CPU
		{5CA354E3-5A39-4FCB-969D-599A6CA48E32}.Debug|x64.ActiveCfg = Debug|Any CPU
		{5CA354E3-5A39-4FCB-969D-599A6CA48E32}.Debug|x64.Build.0 = Debug|Any CPU
		{5CA354E3-5A39-4FCB-969D-599A6CA48E32}.Debug|x86.ActiveCfg = Debug|Any CPU
		{5CA354E3-5A39-4FCB-969D-599A6CA48E32}.Debug|x86.Build.0 = Debug|Any CPU
		{5CA354E3-5A39-4FCB-969D-599A6CA48E32}.Release|Any CPU.ActiveCfg = Release|Any CPU
		{5CA354E3-5A39-4FCB-969D-599A6CA48E32}.Release|Any CPU.Build.0 = Release|Any CPU
		{5CA354E3-5A39-4FCB-969D-599A6CA48E32}.Release|ARM.ActiveCfg = Release|Any CPU
		{5CA354E3-5A39-4FCB-969D-599A6CA48E32}.Release|ARM.Build.0 = Release|Any CPU
		{5CA354E3-5A39-4FCB-969D-599A6CA48E32}.Release|x64.ActiveCfg = Release|Any CPU
		{5CA354E3-5A39-4FCB-969D-599A6CA48E32}.Release|x64.Build.0 = Release|Any CPU
		{5CA354E3-5A39-4FCB-969D-599A6CA48E32}.Release|x86.ActiveCfg = Release|Any CPU
		{5CA354E3-5A39-4FCB-969D-599A6CA48E32}.Release|x86.Build.0 = Release|Any CPU
		{2C29EB22-F00F-4BBD-82B1-BBF5FFBAA542}.Debug|Any CPU.ActiveCfg = Debug|Any CPU
		{2C29EB22-F00F-4BBD-82B1-BBF5FFBAA542}.Debug|Any CPU.Build.0 = Debug|Any CPU
		{2C29EB22-F00F-4BBD-82B1-BBF5FFBAA542}.Debug|ARM.ActiveCfg = Debug|Any CPU
		{2C29EB22-F00F-4BBD-82B1-BBF5FFBAA542}.Debug|ARM.Build.0 = Debug|Any CPU
		{2C29EB22-F00F-4BBD-82B1-BBF5FFBAA542}.Debug|x64.ActiveCfg = Debug|Any CPU
		{2C29EB22-F00F-4BBD-82B1-BBF5FFBAA542}.Debug|x64.Build.0 = Debug|Any CPU
		{2C29EB22-F00F-4BBD-82B1-BBF5FFBAA542}.Debug|x86.ActiveCfg = Debug|Any CPU
		{2C29EB22-F00F-4BBD-82B1-BBF5FFBAA542}.Debug|x86.Build.0 = Debug|Any CPU
		{2C29EB22-F00F-4BBD-82B1-BBF5FFBAA542}.Release|Any CPU.ActiveCfg = Release|Any CPU
		{2C29EB22-F00F-4BBD-82B1-BBF5FFBAA542}.Release|Any CPU.Build.0 = Release|Any CPU
		{2C29EB22-F00F-4BBD-82B1-BBF5FFBAA542}.Release|ARM.ActiveCfg = Release|Any CPU
		{2C29EB22-F00F-4BBD-82B1-BBF5FFBAA542}.Release|ARM.Build.0 = Release|Any CPU
		{2C29EB22-F00F-4BBD-82B1-BBF5FFBAA542}.Release|x64.ActiveCfg = Release|Any CPU
		{2C29EB22-F00F-4BBD-82B1-BBF5FFBAA542}.Release|x64.Build.0 = Release|Any CPU
		{2C29EB22-F00F-4BBD-82B1-BBF5FFBAA542}.Release|x86.ActiveCfg = Release|Any CPU
		{2C29EB22-F00F-4BBD-82B1-BBF5FFBAA542}.Release|x86.Build.0 = Release|Any CPU
		{585DC1AD-23FD-4D0C-A9A7-9ABC1B54AE13}.Debug|Any CPU.ActiveCfg = Debug|Any CPU
		{585DC1AD-23FD-4D0C-A9A7-9ABC1B54AE13}.Debug|Any CPU.Build.0 = Debug|Any CPU
		{585DC1AD-23FD-4D0C-A9A7-9ABC1B54AE13}.Debug|ARM.ActiveCfg = Debug|Any CPU
		{585DC1AD-23FD-4D0C-A9A7-9ABC1B54AE13}.Debug|ARM.Build.0 = Debug|Any CPU
		{585DC1AD-23FD-4D0C-A9A7-9ABC1B54AE13}.Debug|x64.ActiveCfg = Debug|Any CPU
		{585DC1AD-23FD-4D0C-A9A7-9ABC1B54AE13}.Debug|x64.Build.0 = Debug|Any CPU
		{585DC1AD-23FD-4D0C-A9A7-9ABC1B54AE13}.Debug|x86.ActiveCfg = Debug|Any CPU
		{585DC1AD-23FD-4D0C-A9A7-9ABC1B54AE13}.Debug|x86.Build.0 = Debug|Any CPU
		{585DC1AD-23FD-4D0C-A9A7-9ABC1B54AE13}.Release|Any CPU.ActiveCfg = Release|Any CPU
		{585DC1AD-23FD-4D0C-A9A7-9ABC1B54AE13}.Release|Any CPU.Build.0 = Release|Any CPU
		{585DC1AD-23FD-4D0C-A9A7-9ABC1B54AE13}.Release|ARM.ActiveCfg = Release|Any CPU
		{585DC1AD-23FD-4D0C-A9A7-9ABC1B54AE13}.Release|ARM.Build.0 = Release|Any CPU
		{585DC1AD-23FD-4D0C-A9A7-9ABC1B54AE13}.Release|x64.ActiveCfg = Release|Any CPU
		{585DC1AD-23FD-4D0C-A9A7-9ABC1B54AE13}.Release|x64.Build.0 = Release|Any CPU
		{585DC1AD-23FD-4D0C-A9A7-9ABC1B54AE13}.Release|x86.ActiveCfg = Release|Any CPU
		{585DC1AD-23FD-4D0C-A9A7-9ABC1B54AE13}.Release|x86.Build.0 = Release|Any CPU
	EndGlobalSection
	GlobalSection(SolutionProperties) = preSolution
		HideSolutionNode = FALSE
	EndGlobalSection
	GlobalSection(NestedProjects) = preSolution
		{AFF24F61-7257-417C-8009-5E0753066F59} = {48DE0FE7-C9C3-4EB4-AAC7-C7A2DB97AD95}
		{BDA9C124-57A7-48FB-9B24-4B2493FD1015} = {7D008869-683A-4C28-A1B9-EA3880746B21}
		{D8A9E6A2-C947-460C-A2FA-E3F8F0ED9694} = {7D008869-683A-4C28-A1B9-EA3880746B21}
		{1FAA4CB4-4E99-471E-BF6F-150FDF59D1EE} = {7D008869-683A-4C28-A1B9-EA3880746B21}
		{4D510172-5681-4CE1-AD8E-3D67DE80F643} = {59759542-42C5-4170-A3F6-4029C4A46B16}
		{5CA354E3-5A39-4FCB-969D-599A6CA48E32} = {59759542-42C5-4170-A3F6-4029C4A46B16}
		{2C29EB22-F00F-4BBD-82B1-BBF5FFBAA542} = {59759542-42C5-4170-A3F6-4029C4A46B16}
	EndGlobalSection
EndGlobal
